
Microsoft Visual Studio Solution File, Format Version 12.00
Project("{FAE04EC0-301F-11D3-BF4B-00C04F79EFBC}") = "WebApp", "WebApp\WebApp.csproj", "{9DA2A42D-A4A8-4E8E-BBE9-27413FAD618E}"
EndProject
Project("{FAE04EC0-301F-11D3-BF4B-00C04F79EFBC}") = "Domain", "Domain\Domain.csproj", "{E5B08491-1789-43D3-B5E9-8E7A945F5418}"
EndProject
Project("{FAE04EC0-301F-11D3-BF4B-00C04F79EFBC}") = "DAL.App.EF", "DAL.App.EF\DAL.App.EF.csproj", "{178FE120-4C35-4795-A578-68A3EE70F1EA}"
EndProject
Project("{FAE04EC0-301F-11D3-BF4B-00C04F79EFBC}") = "Contracts.DAL.Base", "Contracts.DAL.Base\Contracts.DAL.Base.csproj", "{71E4E116-7CF0-4C4C-BFA1-FF94AF0FE803}"
EndProject
Project("{FAE04EC0-301F-11D3-BF4B-00C04F79EFBC}") = "DAL.Base", "DAL.Base\DAL.Base.csproj", "{A9365243-0031-4129-AFE3-61C4CC828ECF}"
EndProject
Project("{2150E333-8FDC-42A3-9474-1A3956D46DE8}") = "Solution Items", "Solution Items", "{F1145A32-ED1A-44F3-879D-1496796FD950}"
ProjectSection(SolutionItems) = preProject
	Directory.Build.props = Directory.Build.props
	commands.txt = commands.txt
EndProjectSection
EndProject
Project("{FAE04EC0-301F-11D3-BF4B-00C04F79EFBC}") = "DAL.Base.EF", "DAL.Base.EF\DAL.Base.EF.csproj", "{AD0FF60C-DA5A-4471-AB64-47EC480D2869}"
EndProject
Project("{FAE04EC0-301F-11D3-BF4B-00C04F79EFBC}") = "Contracts.DAL.App", "Contracts.DAL.App\Contracts.DAL.App.csproj", "{3F730754-67CE-49F4-A8EA-1373E915BB88}"
EndProject
Project("{FAE04EC0-301F-11D3-BF4B-00C04F79EFBC}") = "Public.DTO", "Public.DTO\Public.DTO.csproj", "{BEC82069-3E55-47FF-9765-4DB6B1F6D468}"
EndProject
Project("{FAE04EC0-301F-11D3-BF4B-00C04F79EFBC}") = "Extensions", "Extensions\Extensions.csproj", "{249EED46-2ADB-4A2D-A2E7-DC083EEBCC60}"
EndProject
Project("{FAE04EC0-301F-11D3-BF4B-00C04F79EFBC}") = "Contracts.BLL.Base", "Contracts.BLL.Base\Contracts.BLL.Base.csproj", "{DEDF7F5C-999D-4E9D-9D70-ED8C8D3F3EDE}"
EndProject
Project("{2150E333-8FDC-42A3-9474-1A3956D46DE8}") = "DAL", "DAL", "{77277157-F95A-4904-9D3D-4C9900E7D008}"
EndProject
Project("{2150E333-8FDC-42A3-9474-1A3956D46DE8}") = "BLL", "BLL", "{60D54A3A-29B6-435B-AE11-2A651306D3C5}"
EndProject
Project("{FAE04EC0-301F-11D3-BF4B-00C04F79EFBC}") = "BLL.Base", "BLL.Base\BLL.Base.csproj", "{4B8FB1C8-E66F-4302-84B9-26087CA8A41D}"
EndProject
Project("{FAE04EC0-301F-11D3-BF4B-00C04F79EFBC}") = "BLL.App", "BLL.App\BLL.App.csproj", "{AEF9C84E-7332-4D1B-B69D-2C732CAD2C29}"
EndProject
Project("{FAE04EC0-301F-11D3-BF4B-00C04F79EFBC}") = "Contracts.BLL.App", "Contracts.BLL.App\Contracts.BLL.App.csproj", "{8A0D81F9-440A-4BE9-916D-96FEB961733A}"
EndProject
Project("{FAE04EC0-301F-11D3-BF4B-00C04F79EFBC}") = "DAL.App.DTO", "DAL.App.DTO\DAL.App.DTO.csproj", "{EC5CA094-DB19-47F6-BE3E-F8A7B8CE43F3}"
EndProject
Project("{FAE04EC0-301F-11D3-BF4B-00C04F79EFBC}") = "BLL.App.DTO", "BLL.App.DTO\BLL.App.DTO.csproj", "{9284BF70-E9E9-4C57-9675-EA58EB59749E}"
EndProject
Global
	GlobalSection(SolutionConfigurationPlatforms) = preSolution
		Debug|Any CPU = Debug|Any CPU
		Release|Any CPU = Release|Any CPU
	EndGlobalSection
	GlobalSection(ProjectConfigurationPlatforms) = postSolution
		{9DA2A42D-A4A8-4E8E-BBE9-27413FAD618E}.Debug|Any CPU.ActiveCfg = Debug|Any CPU
		{9DA2A42D-A4A8-4E8E-BBE9-27413FAD618E}.Debug|Any CPU.Build.0 = Debug|Any CPU
		{9DA2A42D-A4A8-4E8E-BBE9-27413FAD618E}.Release|Any CPU.ActiveCfg = Release|Any CPU
		{9DA2A42D-A4A8-4E8E-BBE9-27413FAD618E}.Release|Any CPU.Build.0 = Release|Any CPU
		{E5B08491-1789-43D3-B5E9-8E7A945F5418}.Debug|Any CPU.ActiveCfg = Debug|Any CPU
		{E5B08491-1789-43D3-B5E9-8E7A945F5418}.Debug|Any CPU.Build.0 = Debug|Any CPU
		{E5B08491-1789-43D3-B5E9-8E7A945F5418}.Release|Any CPU.ActiveCfg = Release|Any CPU
		{E5B08491-1789-43D3-B5E9-8E7A945F5418}.Release|Any CPU.Build.0 = Release|Any CPU
		{178FE120-4C35-4795-A578-68A3EE70F1EA}.Debug|Any CPU.ActiveCfg = Debug|Any CPU
		{178FE120-4C35-4795-A578-68A3EE70F1EA}.Debug|Any CPU.Build.0 = Debug|Any CPU
		{178FE120-4C35-4795-A578-68A3EE70F1EA}.Release|Any CPU.ActiveCfg = Release|Any CPU
		{178FE120-4C35-4795-A578-68A3EE70F1EA}.Release|Any CPU.Build.0 = Release|Any CPU
		{71E4E116-7CF0-4C4C-BFA1-FF94AF0FE803}.Debug|Any CPU.ActiveCfg = Debug|Any CPU
		{71E4E116-7CF0-4C4C-BFA1-FF94AF0FE803}.Debug|Any CPU.Build.0 = Debug|Any CPU
		{71E4E116-7CF0-4C4C-BFA1-FF94AF0FE803}.Release|Any CPU.ActiveCfg = Release|Any CPU
		{71E4E116-7CF0-4C4C-BFA1-FF94AF0FE803}.Release|Any CPU.Build.0 = Release|Any CPU
		{A9365243-0031-4129-AFE3-61C4CC828ECF}.Debug|Any CPU.ActiveCfg = Debug|Any CPU
		{A9365243-0031-4129-AFE3-61C4CC828ECF}.Debug|Any CPU.Build.0 = Debug|Any CPU
		{A9365243-0031-4129-AFE3-61C4CC828ECF}.Release|Any CPU.ActiveCfg = Release|Any CPU
		{A9365243-0031-4129-AFE3-61C4CC828ECF}.Release|Any CPU.Build.0 = Release|Any CPU
		{AD0FF60C-DA5A-4471-AB64-47EC480D2869}.Debug|Any CPU.ActiveCfg = Debug|Any CPU
		{AD0FF60C-DA5A-4471-AB64-47EC480D2869}.Debug|Any CPU.Build.0 = Debug|Any CPU
		{AD0FF60C-DA5A-4471-AB64-47EC480D2869}.Release|Any CPU.ActiveCfg = Release|Any CPU
		{AD0FF60C-DA5A-4471-AB64-47EC480D2869}.Release|Any CPU.Build.0 = Release|Any CPU
		{3F730754-67CE-49F4-A8EA-1373E915BB88}.Debug|Any CPU.ActiveCfg = Debug|Any CPU
		{3F730754-67CE-49F4-A8EA-1373E915BB88}.Debug|Any CPU.Build.0 = Debug|Any CPU
		{3F730754-67CE-49F4-A8EA-1373E915BB88}.Release|Any CPU.ActiveCfg = Release|Any CPU
		{3F730754-67CE-49F4-A8EA-1373E915BB88}.Release|Any CPU.Build.0 = Release|Any CPU
		{BEC82069-3E55-47FF-9765-4DB6B1F6D468}.Debug|Any CPU.ActiveCfg = Debug|Any CPU
		{BEC82069-3E55-47FF-9765-4DB6B1F6D468}.Debug|Any CPU.Build.0 = Debug|Any CPU
		{BEC82069-3E55-47FF-9765-4DB6B1F6D468}.Release|Any CPU.ActiveCfg = Release|Any CPU
		{BEC82069-3E55-47FF-9765-4DB6B1F6D468}.Release|Any CPU.Build.0 = Release|Any CPU
		{249EED46-2ADB-4A2D-A2E7-DC083EEBCC60}.Debug|Any CPU.ActiveCfg = Debug|Any CPU
		{249EED46-2ADB-4A2D-A2E7-DC083EEBCC60}.Debug|Any CPU.Build.0 = Debug|Any CPU
		{249EED46-2ADB-4A2D-A2E7-DC083EEBCC60}.Release|Any CPU.ActiveCfg = Release|Any CPU
		{249EED46-2ADB-4A2D-A2E7-DC083EEBCC60}.Release|Any CPU.Build.0 = Release|Any CPU
		{DEDF7F5C-999D-4E9D-9D70-ED8C8D3F3EDE}.Debug|Any CPU.ActiveCfg = Debug|Any CPU
		{DEDF7F5C-999D-4E9D-9D70-ED8C8D3F3EDE}.Debug|Any CPU.Build.0 = Debug|Any CPU
		{DEDF7F5C-999D-4E9D-9D70-ED8C8D3F3EDE}.Release|Any CPU.ActiveCfg = Release|Any CPU
		{DEDF7F5C-999D-4E9D-9D70-ED8C8D3F3EDE}.Release|Any CPU.Build.0 = Release|Any CPU
		{4B8FB1C8-E66F-4302-84B9-26087CA8A41D}.Debug|Any CPU.ActiveCfg = Debug|Any CPU
		{4B8FB1C8-E66F-4302-84B9-26087CA8A41D}.Debug|Any CPU.Build.0 = Debug|Any CPU
		{4B8FB1C8-E66F-4302-84B9-26087CA8A41D}.Release|Any CPU.ActiveCfg = Release|Any CPU
		{4B8FB1C8-E66F-4302-84B9-26087CA8A41D}.Release|Any CPU.Build.0 = Release|Any CPU
		{AEF9C84E-7332-4D1B-B69D-2C732CAD2C29}.Debug|Any CPU.ActiveCfg = Debug|Any CPU
		{AEF9C84E-7332-4D1B-B69D-2C732CAD2C29}.Debug|Any CPU.Build.0 = Debug|Any CPU
		{AEF9C84E-7332-4D1B-B69D-2C732CAD2C29}.Release|Any CPU.ActiveCfg = Release|Any CPU
		{AEF9C84E-7332-4D1B-B69D-2C732CAD2C29}.Release|Any CPU.Build.0 = Release|Any CPU
		{8A0D81F9-440A-4BE9-916D-96FEB961733A}.Debug|Any CPU.ActiveCfg = Debug|Any CPU
		{8A0D81F9-440A-4BE9-916D-96FEB961733A}.Debug|Any CPU.Build.0 = Debug|Any CPU
		{8A0D81F9-440A-4BE9-916D-96FEB961733A}.Release|Any CPU.ActiveCfg = Release|Any CPU
		{8A0D81F9-440A-4BE9-916D-96FEB961733A}.Release|Any CPU.Build.0 = Release|Any CPU
		{EC5CA094-DB19-47F6-BE3E-F8A7B8CE43F3}.Debug|Any CPU.ActiveCfg = Debug|Any CPU
		{EC5CA094-DB19-47F6-BE3E-F8A7B8CE43F3}.Debug|Any CPU.Build.0 = Debug|Any CPU
		{EC5CA094-DB19-47F6-BE3E-F8A7B8CE43F3}.Release|Any CPU.ActiveCfg = Release|Any CPU
		{EC5CA094-DB19-47F6-BE3E-F8A7B8CE43F3}.Release|Any CPU.Build.0 = Release|Any CPU
		{9284BF70-E9E9-4C57-9675-EA58EB59749E}.Debug|Any CPU.ActiveCfg = Debug|Any CPU
		{9284BF70-E9E9-4C57-9675-EA58EB59749E}.Debug|Any CPU.Build.0 = Debug|Any CPU
		{9284BF70-E9E9-4C57-9675-EA58EB59749E}.Release|Any CPU.ActiveCfg = Release|Any CPU
		{9284BF70-E9E9-4C57-9675-EA58EB59749E}.Release|Any CPU.Build.0 = Release|Any CPU
	EndGlobalSection
	GlobalSection(NestedProjects) = preSolution
		{DEDF7F5C-999D-4E9D-9D70-ED8C8D3F3EDE} = {60D54A3A-29B6-435B-AE11-2A651306D3C5}
		{178FE120-4C35-4795-A578-68A3EE70F1EA} = {77277157-F95A-4904-9D3D-4C9900E7D008}
		{A9365243-0031-4129-AFE3-61C4CC828ECF} = {77277157-F95A-4904-9D3D-4C9900E7D008}
		{AD0FF60C-DA5A-4471-AB64-47EC480D2869} = {77277157-F95A-4904-9D3D-4C9900E7D008}
		{3F730754-67CE-49F4-A8EA-1373E915BB88} = {77277157-F95A-4904-9D3D-4C9900E7D008}
		{71E4E116-7CF0-4C4C-BFA1-FF94AF0FE803} = {77277157-F95A-4904-9D3D-4C9900E7D008}
		{4B8FB1C8-E66F-4302-84B9-26087CA8A41D} = {60D54A3A-29B6-435B-AE11-2A651306D3C5}
		{AEF9C84E-7332-4D1B-B69D-2C732CAD2C29} = {60D54A3A-29B6-435B-AE11-2A651306D3C5}
		{8A0D81F9-440A-4BE9-916D-96FEB961733A} = {60D54A3A-29B6-435B-AE11-2A651306D3C5}
		{EC5CA094-DB19-47F6-BE3E-F8A7B8CE43F3} = {77277157-F95A-4904-9D3D-4C9900E7D008}
		{9284BF70-E9E9-4C57-9675-EA58EB59749E} = {60D54A3A-29B6-435B-AE11-2A651306D3C5}
	EndGlobalSection
EndGlobal
